
Microsoft Visual Studio Solution File, Format Version 12.00
# Visual Studio Version 17
VisualStudioVersion = 17.2.32526.322
MinimumVisualStudioVersion = 10.0.40219.1
Project("{FAE04EC0-301F-11D3-BF4B-00C04F79EFBC}") = "ListSortSample", "ListSortSample\ListSortSample.csproj", "{ADE74552-0C9D-4E7D-8E58-0CE06972AD7A}"
EndProject
Global
	GlobalSection(SolutionConfigurationPlatforms) = preSolution
		Debug|Any CPU = Debug|Any CPU
		Release|Any CPU = Release|Any CPU
	EndGlobalSection
	GlobalSection(ProjectConfigurationPlatforms) = postSolution
		{ADE74552-0C9D-4E7D-8E58-0CE06972AD7A}.Debug|Any CPU.ActiveCfg = Debug|Any CPU
		{ADE74552-0C9D-4E7D-8E58-0CE06972AD7A}.Debug|Any CPU.Build.0 = Debug|Any CPU
		{ADE74552-0C9D-4E7D-8E58-0CE06972AD7A}.Release|Any CPU.ActiveCfg = Release|Any CPU
		{ADE74552-0C9D-4E7D-8E58-0CE06972AD7A}.Release|Any CPU.Build.0 = Release|Any CPU
	EndGlobalSection
	GlobalSection(SolutionProperties) = preSolution
		HideSolutionNode = FALSE
	EndGlobalSection
	GlobalSection(ExtensibilityGlobals) = postSolution
		SolutionGuid = {010A7CBA-1231-48F0-B820-D1D147B59686}
	EndGlobalSection
EndGlobal
